
Microsoft Visual Studio Solution File, Format Version 12.00
# Visual Studio Version 16
VisualStudioVersion = 16.0.30225.117
MinimumVisualStudioVersion = 10.0.40219.1
Project("{FAE04EC0-301F-11D3-BF4B-00C04F79EFBC}") = "SMSWallBackend", "SMSWallBackend\SMSWallBackend.csproj", "{559F0FA6-75CC-4A07-9111-8828BDF5FE64}"
EndProject
Global
	GlobalSection(SolutionConfigurationPlatforms) = preSolution
		Debug|Any CPU = Debug|Any CPU
		Release|Any CPU = Release|Any CPU
	EndGlobalSection
	GlobalSection(ProjectConfigurationPlatforms) = postSolution
		{559F0FA6-75CC-4A07-9111-8828BDF5FE64}.Debug|Any CPU.ActiveCfg = Debug|Any CPU
		{559F0FA6-75CC-4A07-9111-8828BDF5FE64}.Debug|Any CPU.Build.0 = Debug|Any CPU
		{559F0FA6-75CC-4A07-9111-8828BDF5FE64}.Release|Any CPU.ActiveCfg = Release|Any CPU
		{559F0FA6-75CC-4A07-9111-8828BDF5FE64}.Release|Any CPU.Build.0 = Release|Any CPU
	EndGlobalSection
	GlobalSection(SolutionProperties) = preSolution
		HideSolutionNode = FALSE
	EndGlobalSection
	GlobalSection(ExtensibilityGlobals) = postSolution
		SolutionGuid = {5EE1B10F-FE1D-4B29-A5A4-16C43855231A}
	EndGlobalSection
EndGlobal
